
Microsoft Visual Studio Solution File, Format Version 12.00
# Visual Studio Version 17
VisualStudioVersion = 17.5.33414.496
MinimumVisualStudioVersion = 10.0.40219.1
Project("{FAE04EC0-301F-11D3-BF4B-00C04F79EFBC}") = "u20419695_HW03", "u20419695_HW03\u20419695_HW03.csproj", "{D9B70D92-96D1-4DE9-AE54-2B3B2A5B1704}"
EndProject
Global
	GlobalSection(SolutionConfigurationPlatforms) = preSolution
		Debug|Any CPU = Debug|Any CPU
		Release|Any CPU = Release|Any CPU
	EndGlobalSection
	GlobalSection(ProjectConfigurationPlatforms) = postSolution
		{D9B70D92-96D1-4DE9-AE54-2B3B2A5B1704}.Debug|Any CPU.ActiveCfg = Debug|Any CPU
		{D9B70D92-96D1-4DE9-AE54-2B3B2A5B1704}.Debug|Any CPU.Build.0 = Debug|Any CPU
		{D9B70D92-96D1-4DE9-AE54-2B3B2A5B1704}.Release|Any CPU.ActiveCfg = Release|Any CPU
		{D9B70D92-96D1-4DE9-AE54-2B3B2A5B1704}.Release|Any CPU.Build.0 = Release|Any CPU
	EndGlobalSection
	GlobalSection(SolutionProperties) = preSolution
		HideSolutionNode = FALSE
	EndGlobalSection
	GlobalSection(ExtensibilityGlobals) = postSolution
		SolutionGuid = {53807379-B132-474B-B19A-1A960E92C787}
	EndGlobalSection
EndGlobal
